
Microsoft Visual Studio Solution File, Format Version 12.00
# Visual Studio 15
VisualStudioVersion = 15.0.28010.2003
MinimumVisualStudioVersion = 10.0.40219.1
Project("{FAE04EC0-301F-11D3-BF4B-00C04F79EFBC}") = "HashMate", "HashMate\HashMate.csproj", "{1B03C571-4CF8-4BE8-B318-85BDA57152D3}"
EndProject
Global
	GlobalSection(SolutionConfigurationPlatforms) = preSolution
		Debug|Any CPU = Debug|Any CPU
		Release|Any CPU = Release|Any CPU
	EndGlobalSection
	GlobalSection(ProjectConfigurationPlatforms) = postSolution
		{1B03C571-4CF8-4BE8-B318-85BDA57152D3}.Debug|Any CPU.ActiveCfg = Debug|Any CPU
		{1B03C571-4CF8-4BE8-B318-85BDA57152D3}.Debug|Any CPU.Build.0 = Debug|Any CPU
		{1B03C571-4CF8-4BE8-B318-85BDA57152D3}.Release|Any CPU.ActiveCfg = Release|Any CPU
		{1B03C571-4CF8-4BE8-B318-85BDA57152D3}.Release|Any CPU.Build.0 = Release|Any CPU
	EndGlobalSection
	GlobalSection(SolutionProperties) = preSolution
		HideSolutionNode = FALSE
	EndGlobalSection
	GlobalSection(ExtensibilityGlobals) = postSolution
		SolutionGuid = {6AA6DABB-A63C-42DB-B3A5-40439B9E8123}
	EndGlobalSection
EndGlobal
